
Microsoft Visual Studio Solution File, Format Version 12.00
# Visual Studio 14
VisualStudioVersion = 14.0.24720.0
MinimumVisualStudioVersion = 10.0.40219.1
Project("{FAE04EC0-301F-11D3-BF4B-00C04F79EFBC}") = "SharpCaster", "SharpCaster\SharpCaster.csproj", "{56D42483-550D-4817-844B-6C27D880130F}"
EndProject
Project("{2150E333-8FDC-42A3-9474-1A3956D46DE8}") = "Samples", "Samples", "{D3499021-B685-40B1-AA72-8F4C7F2E31BA}"
EndProject
Global
	GlobalSection(SolutionConfigurationPlatforms) = preSolution
		Debug|Any CPU = Debug|Any CPU
		Release|Any CPU = Release|Any CPU
	EndGlobalSection
	GlobalSection(ProjectConfigurationPlatforms) = postSolution
		{56D42483-550D-4817-844B-6C27D880130F}.Debug|Any CPU.ActiveCfg = Debug|Any CPU
		{56D42483-550D-4817-844B-6C27D880130F}.Debug|Any CPU.Build.0 = Debug|Any CPU
		{56D42483-550D-4817-844B-6C27D880130F}.Release|Any CPU.ActiveCfg = Release|Any CPU
		{56D42483-550D-4817-844B-6C27D880130F}.Release|Any CPU.Build.0 = Release|Any CPU
	EndGlobalSection
	GlobalSection(SolutionProperties) = preSolution
		HideSolutionNode = FALSE
	EndGlobalSection
EndGlobal
